<?xml version="1.0" encoding="utf-8"?>
<Project ToolsVersion="4.0" xmlns="http://schemas.microsoft.com/developer/msbuild/2003">
  <ItemGroup>
    <Filter Include="Source Files">
      <UniqueIdentifier>{4FC737F1-C7A5-4376-A066-2A32D752A2FF}</UniqueIdentifier>
      <Extensions>cpp;c;cc;cxx;def;odl;idl;hpj;bat;asm;asmx</Extensions>
    </Filter>
    <Filter Include="Header Files">
      <UniqueIdentifier>{93995380-89BD-4b04-88EB-625FBE52EBFB}</UniqueIdentifier>
      <Extensions>h;hh;hpp;hxx;hm;inl;inc;ipp;xsd</Extensions>
    </Filter>
    <Filter Include="Resource Files">
      <UniqueIdentifier>{67DA6AB6-F800-4c08-8B7A-83BB121AAD01}</UniqueIdentifier>
      <Extensions>rc;ico;cur;bmp;dlg;rc2;rct;bin;rgs;gif;jpg;jpeg;jpe;resx;tiff;tif;png;wav;mfcribbon-ms</Extensions>
    </Filter>
  </ItemGroup>
  <ItemGroup>
    <ClCompile Include="Calatorie.cpp">
      <Filter>Source Files</Filter>
    </ClCompile>
    <ClCompile Include="CalatorieAutobuz.cpp">
      <Filter>Source Files</Filter>
    </ClCompile>
    <ClCompile Include="CalatorieAvion.cpp">
      <Filter>Source Files</Filter>
    </ClCompile>
    <ClCompile Include="FileRepository.cpp">
      <Filter>Source Files</Filter>
    </ClCompile>
    <ClCompile Include="RepoException.cpp">
      <Filter>Source Files</Filter>
    </ClCompile>
    <ClCompile Include="ValidationException.cpp">
      <Filter>Source Files</Filter>
    </ClCompile>
    <ClCompile Include="Service.cpp">
      <Filter>Source Files</Filter>
    </ClCompile>
    <ClCompile Include="LogInService.cpp">
      <Filter>Source Files</Filter>
    </ClCompile>
    <ClCompile Include="User.cpp">
      <Filter>Source Files</Filter>
    </ClCompile>
    <ClCompile Include="UI.cpp">
      <Filter>Source Files</Filter>
    </ClCompile>
    <ClCompile Include="main.cpp">
      <Filter>Source Files</Filter>
    </ClCompile>
    <ClCompile Include="Tests.cpp">
      <Filter>Source Files</Filter>
    </ClCompile>
    <ClCompile Include="RepositoryFileTxt.cpp">
      <Filter>Source Files</Filter>
    </ClCompile>
    <ClCompile Include="DeleteException.cpp">
      <Filter>Source Files</Filter>
    </ClCompile>
    <ClCompile Include="VirtualCalatorii.cpp">
      <Filter>Source Files</Filter>
    </ClCompile>
  </ItemGroup>
  <ItemGroup>
    <ClInclude Include="Calatorie.h">
      <Filter>Header Files</Filter>
    </ClInclude>
    <ClInclude Include="CalatorieAutobuz.h">
      <Filter>Header Files</Filter>
    </ClInclude>
    <ClInclude Include="CalatorieAvion.h">
      <Filter>Header Files</Filter>
    </ClInclude>
    <ClInclude Include="FileRepository.h">
      <Filter>Header Files</Filter>
    </ClInclude>
    <ClInclude Include="RepoException.h">
      <Filter>Header Files</Filter>
    </ClInclude>
    <ClInclude Include="ValidationException.h">
      <Filter>Header Files</Filter>
    </ClInclude>
    <ClInclude Include="Service.h">
      <Filter>Header Files</Filter>
    </ClInclude>
    <ClInclude Include="LogInService.h">
      <Filter>Header Files</Filter>
    </ClInclude>
    <ClInclude Include="User.h">
      <Filter>Header Files</Filter>
    </ClInclude>
    <ClInclude Include="UI.h">
      <Filter>Header Files</Filter>
    </ClInclude>
    <ClInclude Include="Tests.h">
      <Filter>Header Files</Filter>
    </ClInclude>
    <ClInclude Include="Repository.h">
      <Filter>Header Files</Filter>
    </ClInclude>
    <ClInclude Include="RepositoryFileTxt.h">
      <Filter>Header Files</Filter>
    </ClInclude>
    <ClInclude Include="DeleteException.h">
      <Filter>Header Files</Filter>
    </ClInclude>
  </ItemGroup>
  <ItemGroup>
    <Text Include="airplane.txt">
      <Filter>Resource Files</Filter>
    </Text>
    <Text Include="bus.txt">
      <Filter>Resource Files</Filter>
    </Text>
    <Text Include="users.txt">
      <Filter>Resource Files</Filter>
    </Text>
    <Text Include="test.txt">
      <Filter>Resource Files</Filter>
    </Text>
    <Text Include="busTest.txt">
      <Filter>Resource Files</Filter>
    </Text>
    <Text Include="airplaneTest.txt">
      <Filter>Resource Files</Filter>
    </Text>
    <Text Include="tests.txt">
      <Filter>Resource Files</Filter>
    </Text>
    <Text Include="airplaneTest2.txt">
      <Filter>Resource Files</Filter>
    </Text>
    <Text Include="busTest2.txt">
      <Filter>Resource Files</Filter>
    </Text>
    <Text Include="tests2.txt">
      <Filter>Resource Files</Filter>
    </Text>
    <Text Include="airplaneTest3.txt">
      <Filter>Resource Files</Filter>
    </Text>
    <Text Include="busTest3.txt">
      <Filter>Resource Files</Filter>
    </Text>
  </ItemGroup>
  <ItemGroup>
    <None Include="test.CSV">
      <Filter>Resource Files</Filter>
    </None>
    <None Include="airplaneTest2.csv">
      <Filter>Resource Files</Filter>
    </None>
    <None Include="busTest2.csv">
      <Filter>Resource Files</Filter>
    </None>
    <None Include="tests3.csv">
      <Filter>Resource Files</Filter>
    </None>
  </ItemGroup>
</Project>